
Microsoft Visual Studio Solution File, Format Version 12.00
# Visual Studio Version 16
VisualStudioVersion = 16.0.30804.86
MinimumVisualStudioVersion = 10.0.40219.1
Project("{FAE04EC0-301F-11D3-BF4B-00C04F79EFBC}") = "BookingPlaceInRestaurant", "BookingPlaceInRestaurant.csproj", "{B81F8047-2920-4668-BE44-6342503F09F0}"
EndProject
Global
	GlobalSection(SolutionConfigurationPlatforms) = preSolution
		Debug|Any CPU = Debug|Any CPU
		Release|Any CPU = Release|Any CPU
	EndGlobalSection
	GlobalSection(ProjectConfigurationPlatforms) = postSolution
		{B81F8047-2920-4668-BE44-6342503F09F0}.Debug|Any CPU.ActiveCfg = Debug|Any CPU
		{B81F8047-2920-4668-BE44-6342503F09F0}.Debug|Any CPU.Build.0 = Debug|Any CPU
		{B81F8047-2920-4668-BE44-6342503F09F0}.Release|Any CPU.ActiveCfg = Release|Any CPU
		{B81F8047-2920-4668-BE44-6342503F09F0}.Release|Any CPU.Build.0 = Release|Any CPU
	EndGlobalSection
	GlobalSection(SolutionProperties) = preSolution
		HideSolutionNode = FALSE
	EndGlobalSection
	GlobalSection(ExtensibilityGlobals) = postSolution
		SolutionGuid = {FE048895-394F-4308-AD0D-692E59D8AECE}
	EndGlobalSection
EndGlobal
